
Microsoft Visual Studio Solution File, Format Version 12.00
# Visual Studio Version 17
VisualStudioVersion = 17.11.35208.52
MinimumVisualStudioVersion = 10.0.40219.1
Project("{FAE04EC0-301F-11D3-BF4B-00C04F79EFBC}") = "Practical2", "Practical2\Practical2.csproj", "{1CCF3133-973F-4FC0-A367-08383C24793A}"
EndProject
Global
	GlobalSection(SolutionConfigurationPlatforms) = preSolution
		Debug|Any CPU = Debug|Any CPU
		Release|Any CPU = Release|Any CPU
	EndGlobalSection
	GlobalSection(ProjectConfigurationPlatforms) = postSolution
		{1CCF3133-973F-4FC0-A367-08383C24793A}.Debug|Any CPU.ActiveCfg = Debug|Any CPU
		{1CCF3133-973F-4FC0-A367-08383C24793A}.Debug|Any CPU.Build.0 = Debug|Any CPU
		{1CCF3133-973F-4FC0-A367-08383C24793A}.Release|Any CPU.ActiveCfg = Release|Any CPU
		{1CCF3133-973F-4FC0-A367-08383C24793A}.Release|Any CPU.Build.0 = Release|Any CPU
	EndGlobalSection
	GlobalSection(SolutionProperties) = preSolution
		HideSolutionNode = FALSE
	EndGlobalSection
	GlobalSection(ExtensibilityGlobals) = postSolution
		SolutionGuid = {EFDBE230-E255-4C90-8B9D-8D58E2FC1BA2}
	EndGlobalSection
EndGlobal
